
Microsoft Visual Studio Solution File, Format Version 12.00
# Visual Studio Version 17
VisualStudioVersion = 17.5.33627.172
MinimumVisualStudioVersion = 10.0.40219.1
Project("{9A19103F-16F7-4668-BE54-9A1E7A4F7556}") = "AppDev_Assignment2", "AppDev_Assignment2\AppDev_Assignment2.csproj", "{ACB622FF-1BF5-4571-BD43-53C4DB3CC1E7}"
EndProject
Project("{9A19103F-16F7-4668-BE54-9A1E7A4F7556}") = "Assignment2_Admin", "Assignment2_Admin\Assignment2_Admin.csproj", "{9410F7F2-B7DB-4DAF-A655-6C847ADF47BD}"
EndProject
Project("{FAE04EC0-301F-11D3-BF4B-00C04F79EFBC}") = "Assignment2_Sales", "Assignment2_Sales\Assignment2_Sales.csproj", "{71D98A63-FE60-462B-B2C1-BDBA661A6C50}"
EndProject
Global
	GlobalSection(SolutionConfigurationPlatforms) = preSolution
		Debug|Any CPU = Debug|Any CPU
		Release|Any CPU = Release|Any CPU
	EndGlobalSection
	GlobalSection(ProjectConfigurationPlatforms) = postSolution
		{ACB622FF-1BF5-4571-BD43-53C4DB3CC1E7}.Debug|Any CPU.ActiveCfg = Debug|Any CPU
		{ACB622FF-1BF5-4571-BD43-53C4DB3CC1E7}.Debug|Any CPU.Build.0 = Debug|Any CPU
		{ACB622FF-1BF5-4571-BD43-53C4DB3CC1E7}.Release|Any CPU.ActiveCfg = Release|Any CPU
		{ACB622FF-1BF5-4571-BD43-53C4DB3CC1E7}.Release|Any CPU.Build.0 = Release|Any CPU
		{9410F7F2-B7DB-4DAF-A655-6C847ADF47BD}.Debug|Any CPU.ActiveCfg = Debug|Any CPU
		{9410F7F2-B7DB-4DAF-A655-6C847ADF47BD}.Debug|Any CPU.Build.0 = Debug|Any CPU
		{9410F7F2-B7DB-4DAF-A655-6C847ADF47BD}.Release|Any CPU.ActiveCfg = Release|Any CPU
		{9410F7F2-B7DB-4DAF-A655-6C847ADF47BD}.Release|Any CPU.Build.0 = Release|Any CPU
		{71D98A63-FE60-462B-B2C1-BDBA661A6C50}.Debug|Any CPU.ActiveCfg = Debug|Any CPU
		{71D98A63-FE60-462B-B2C1-BDBA661A6C50}.Debug|Any CPU.Build.0 = Debug|Any CPU
		{71D98A63-FE60-462B-B2C1-BDBA661A6C50}.Release|Any CPU.ActiveCfg = Release|Any CPU
		{71D98A63-FE60-462B-B2C1-BDBA661A6C50}.Release|Any CPU.Build.0 = Release|Any CPU
	EndGlobalSection
	GlobalSection(SolutionProperties) = preSolution
		HideSolutionNode = FALSE
	EndGlobalSection
	GlobalSection(ExtensibilityGlobals) = postSolution
		SolutionGuid = {6F31A077-A365-4F29-A005-9B363A43A39A}
	EndGlobalSection
EndGlobal
